// !$*UTF8*$!
{
	archiveVersion = 1;
	classes = {
	};
	objectVersion = 56;
	objects = {

/* Begin PBXBuildFile section */
		C03B446F2B8A570D00F91E01 /* aApp.swift in Sources */ = {isa = PBXBuildFile; fileRef = C03B446E2B8A570D00F91E01 /* aApp.swift */; };
		C03B44712B8A570D00F91E01 /* ContentView.swift in Sources */ = {isa = PBXBuildFile; fileRef = C03B44702B8A570D00F91E01 /* ContentView.swift */; };
		C03B44732B8A570E00F91E01 /* Assets.xcassets in Resources */ = {isa = PBXBuildFile; fileRef = C03B44722B8A570E00F91E01 /* Assets.xcassets */; };
		C03B44762B8A570E00F91E01 /* Preview Assets.xcassets in Resources */ = {isa = PBXBuildFile; fileRef = C03B44752B8A570E00F91E01 /* Preview Assets.xcassets */; };
		C03B44782B8A570E00F91E01 /* Persistence.swift in Sources */ = {isa = PBXBuildFile; fileRef = C03B44772B8A570E00F91E01 /* Persistence.swift */; };
		C03B447B2B8A570E00F91E01 /* a.xcdatamodeld in Sources */ = {isa = PBXBuildFile; fileRef = C03B44792B8A570E00F91E01 /* a.xcdatamodeld */; };
		C03B44852B8A570E00F91E01 /* aTests.swift in Sources */ = {isa = PBXBuildFile; fileRef = C03B44842B8A570E00F91E01 /* aTests.swift */; };
		C03B448F2B8A570E00F91E01 /* aUITests.swift in Sources */ = {isa = PBXBuildFile; fileRef = C03B448E2B8A570E00F91E01 /* aUITests.swift */; };
		C03B44912B8A570E00F91E01 /* aUITestsLaunchTests.swift in Sources */ = {isa = PBXBuildFile; fileRef = C03B44902B8A570E00F91E01 /* aUITestsLaunchTests.swift */; };
/* End PBXBuildFile section */

/* Begin PBXContainerItemProxy section */
		C03B44812B8A570E00F91E01 /* PBXContainerItemProxy */ = {
			isa = PBXContainerItemProxy;
			containerPortal = C03B44632B8A570D00F91E01 /* Project object */;
			proxyType = 1;
			remoteGlobalIDString = C03B446A2B8A570D00F91E01;
			remoteInfo = a;
		};
		C03B448B2B8A570E00F91E01 /* PBXContainerItemProxy */ = {
			isa = PBXContainerItemProxy;
			containerPortal = C03B44632B8A570D00F91E01 /* Project object */;
			proxyType = 1;
			remoteGlobalIDString = C03B446A2B8A570D00F91E01;
			remoteInfo = a;
		};
/* End PBXContainerItemProxy section */

/* Begin PBXFileReference section */
		C03B446B2B8A570D00F91E01 /* a.app */ = {isa = PBXFileReference; explicitFileType = wrapper.application; includeInIndex = 0; path = a.app; sourceTree = BUILT_PRODUCTS_DIR; };
		C03B446E2B8A570D00F91E01 /* aApp.swift */ = {isa = PBXFileReference; lastKnownFileType = sourcecode.swift; path = aApp.swift; sourceTree = "<group>"; };
		C03B44702B8A570D00F91E01 /* ContentView.swift */ = {isa = PBXFileReference; lastKnownFileType = sourcecode.swift; path = ContentView.swift; sourceTree = "<group>"; };
		C03B44722B8A570E00F91E01 /* Assets.xcassets */ = {isa = PBXFileReference; lastKnownFileType = folder.assetcatalog; path = Assets.xcassets; sourceTree = "<group>"; };
		C03B44752B8A570E00F91E01 /* Preview Assets.xcassets */ = {isa = PBXFileReference; lastKnownFileType = folder.assetcatalog; path = "Preview Assets.xcassets"; sourceTree = "<group>"; };
		C03B44772B8A570E00F91E01 /* Persistence.swift */ = {isa = PBXFileReference; lastKnownFileType = sourcecode.swift; path = Persistence.swift; sourceTree = "<group>"; };
		C03B447A2B8A570E00F91E01 /* a.xcdatamodel */ = {isa = PBXFileReference; lastKnownFileType = wrapper.xcdatamodel; path = a.xcdatamodel; sourceTree = "<group>"; };
		C03B44802B8A570E00F91E01 /* aTests.xctest */ = {isa = PBXFileReference; explicitFileType = wrapper.cfbundle; includeInIndex = 0; path = aTests.xctest; sourceTree = BUILT_PRODUCTS_DIR; };
		C03B44842B8A570E00F91E01 /* aTests.swift */ = {isa = PBXFileReference; lastKnownFileType = sourcecode.swift; path = aTests.swift; sourceTree = "<group>"; };
		C03B448A2B8A570E00F91E01 /* aUITests.xctest */ = {isa = PBXFileReference; explicitFileType = wrapper.cfbundle; includeInIndex = 0; path = aUITests.xctest; sourceTree = BUILT_PRODUCTS_DIR; };
		C03B448E2B8A570E00F91E01 /* aUITests.swift */ = {isa = PBXFileReference; lastKnownFileType = sourcecode.swift; path = aUITests.swift; sourceTree = "<group>"; };
		C03B44902B8A570E00F91E01 /* aUITestsLaunchTests.swift */ = {isa = PBXFileReference; lastKnownFileType = sourcecode.swift; path = aUITestsLaunchTests.swift; sourceTree = "<group>"; };
/* End PBXFileReference section */

/* Begin PBXFrameworksBuildPhase section */
		C03B44682B8A570D00F91E01 /* Frameworks */ = {
			isa = PBXFrameworksBuildPhase;
			buildActionMask = 2147483647;
			files = (
			);
			runOnlyForDeploymentPostprocessing = 0;
		};
		C03B447D2B8A570E00F91E01 /* Frameworks */ = {
			isa = PBXFrameworksBuildPhase;
			buildActionMask = 2147483647;
			files = (
			);
			runOnlyForDeploymentPostprocessing = 0;
		};
		C03B44872B8A570E00F91E01 /* Frameworks */ = {
			isa = PBXFrameworksBuildPhase;
			buildActionMask = 2147483647;
			files = (
			);
			runOnlyForDeploymentPostprocessing = 0;
		};
/* End PBXFrameworksBuildPhase section */

/* Begin PBXGroup section */
		C03B44622B8A570D00F91E01 = {
			isa = PBXGroup;
			children = (
				C03B446D2B8A570D00F91E01 /* a */,
				C03B44832B8A570E00F91E01 /* aTests */,
				C03B448D2B8A570E00F91E01 /* aUITests */,
				C03B446C2B8A570D00F91E01 /* Products */,
			);
			sourceTree = "<group>";
		};
		C03B446C2B8A570D00F91E01 /* Products */ = {
			isa = PBXGroup;
			children = (
				C03B446B2B8A570D00F91E01 /* a.app */,
				C03B44802B8A570E00F91E01 /* aTests.xctest */,
				C03B448A2B8A570E00F91E01 /* aUITests.xctest */,
			);
			name = Products;
			sourceTree = "<group>";
		};
		C03B446D2B8A570D00F91E01 /* a */ = {
			isa = PBXGroup;
			children = (
				C03B446E2B8A570D00F91E01 /* aApp.swift */,
				C03B44702B8A570D00F91E01 /* ContentView.swift */,
				C03B44722B8A570E00F91E01 /* Assets.xcassets */,
				C03B44772B8A570E00F91E01 /* Persistence.swift */,
				C03B44792B8A570E00F91E01 /* a.xcdatamodeld */,
				C03B44742B8A570E00F91E01 /* Preview Content */,
			);
			path = a;
			sourceTree = "<group>";
		};
		C03B44742B8A570E00F91E01 /* Preview Content */ = {
			isa = PBXGroup;
			children = (
				C03B44752B8A570E00F91E01 /* Preview Assets.xcassets */,
			);
			path = "Preview Content";
			sourceTree = "<group>";
		};
		C03B44832B8A570E00F91E01 /* aTests */ = {
			isa = PBXGroup;
			children = (
				C03B44842B8A570E00F91E01 /* aTests.swift */,
			);
			path = aTests;
			sourceTree = "<group>";
		};
		C03B448D2B8A570E00F91E01 /* aUITests */ = {
			isa = PBXGroup;
			children = (
				C03B448E2B8A570E00F91E01 /* aUITests.swift */,
				C03B44902B8A570E00F91E01 /* aUITestsLaunchTests.swift */,
			);
			path = aUITests;
			sourceTree = "<group>";
		};
/* End PBXGroup section */

/* Begin PBXNativeTarget section */
		C03B446A2B8A570D00F91E01 /* a */ = {
			isa = PBXNativeTarget;
			buildConfigurationList = C03B44942B8A570E00F91E01 /* Build configuration list for PBXNativeTarget "a" */;
			buildPhases = (
				C03B44672B8A570D00F91E01 /* Sources */,
				C03B44682B8A570D00F91E01 /* Frameworks */,
				C03B44692B8A570D00F91E01 /* Resources */,
			);
			buildRules = (
			);
			dependencies = (
			);
			name = a;
			productName = a;
			productReference = C03B446B2B8A570D00F91E01 /* a.app */;
			productType = "com.apple.product-type.application";
		};
		C03B447F2B8A570E00F91E01 /* aTests */ = {
			isa = PBXNativeTarget;
			buildConfigurationList = C03B44972B8A570E00F91E01 /* Build configuration list for PBXNativeTarget "aTests" */;
			buildPhases = (
				C03B447C2B8A570E00F91E01 /* Sources */,
				C03B447D2B8A570E00F91E01 /* Frameworks */,
				C03B447E2B8A570E00F91E01 /* Resources */,
			);
			buildRules = (
			);
			dependencies = (
				C03B44822B8A570E00F91E01 /* PBXTargetDependency */,
			);
			name = aTests;
			productName = aTests;
			productReference = C03B44802B8A570E00F91E01 /* aTests.xctest */;
			productType = "com.apple.product-type.bundle.unit-test";
		};
		C03B44892B8A570E00F91E01 /* aUITests */ = {
			isa = PBXNativeTarget;
			buildConfigurationList = C03B449A2B8A570E00F91E01 /* Build configuration list for PBXNativeTarget "aUITests" */;
			buildPhases = (
				C03B44862B8A570E00F91E01 /* Sources */,
				C03B44872B8A570E00F91E01 /* Frameworks */,
				C03B44882B8A570E00F91E01 /* Resources */,
			);
			buildRules = (
			);
			dependencies = (
				C03B448C2B8A570E00F91E01 /* PBXTargetDependency */,
			);
			name = aUITests;
			productName = aUITests;
			productReference = C03B448A2B8A570E00F91E01 /* aUITests.xctest */;
			productType = "com.apple.product-type.bundle.ui-testing";
		};
/* End PBXNativeTarget section */

/* Begin PBXProject section */
		C03B44632B8A570D00F91E01 /* Project object */ = {
			isa = PBXProject;
			attributes = {
				BuildIndependentTargetsInParallel = 1;
				LastSwiftUpdateCheck = 1520;
				LastUpgradeCheck = 1520;
				TargetAttributes = {
					C03B446A2B8A570D00F91E01 = {
						CreatedOnToolsVersion = 15.2;
					};
					C03B447F2B8A570E00F91E01 = {
						CreatedOnToolsVersion = 15.2;
						TestTargetID = C03B446A2B8A570D00F91E01;
					};
					C03B44892B8A570E00F91E01 = {
						CreatedOnToolsVersion = 15.2;
						TestTargetID = C03B446A2B8A570D00F91E01;
					};
				};
			};
			buildConfigurationList = C03B44662B8A570D00F91E01 /* Build configuration list for PBXProject "a" */;
			compatibilityVersion = "Xcode 14.0";
			developmentRegion = en;
			hasScannedForEncodings = 0;
			knownRegions = (
				en,
				Base,
			);
			mainGroup = C03B44622B8A570D00F91E01;
			productRefGroup = C03B446C2B8A570D00F91E01 /* Products */;
			projectDirPath = "";
			projectRoot = "";
			targets = (
				C03B446A2B8A570D00F91E01 /* a */,
				C03B447F2B8A570E00F91E01 /* aTests */,
				C03B44892B8A570E00F91E01 /* aUITests */,
			);
		};
/* End PBXProject section */

/* Begin PBXResourcesBuildPhase section */
		C03B44692B8A570D00F91E01 /* Resources */ = {
			isa = PBXResourcesBuildPhase;
			buildActionMask = 2147483647;
			files = (
				C03B44762B8A570E00F91E01 /* Preview Assets.xcassets in Resources */,
				C03B44732B8A570E00F91E01 /* Assets.xcassets in Resources */,
			);
			runOnlyForDeploymentPostprocessing = 0;
		};
		C03B447E2B8A570E00F91E01 /* Resources */ = {
			isa = PBXResourcesBuildPhase;
			buildActionMask = 2147483647;
			files = (
			);
			runOnlyForDeploymentPostprocessing = 0;
		};
		C03B44882B8A570E00F91E01 /* Resources */ = {
			isa = PBXResourcesBuildPhase;
			buildActionMask = 2147483647;
			files = (
			);
			runOnlyForDeploymentPostprocessing = 0;
		};
/* End PBXResourcesBuildPhase section */

/* Begin PBXSourcesBuildPhase section */
		C03B44672B8A570D00F91E01 /* Sources */ = {
			isa = PBXSourcesBuildPhase;
			buildActionMask = 2147483647;
			files = (
				C03B44782B8A570E00F91E01 /* Persistence.swift in Sources */,
				C03B44712B8A570D00F91E01 /* ContentView.swift in Sources */,
				C03B446F2B8A570D00F91E01 /* aApp.swift in Sources */,
				C03B447B2B8A570E00F91E01 /* a.xcdatamodeld in Sources */,
			);
			runOnlyForDeploymentPostprocessing = 0;
		};
		C03B447C2B8A570E00F91E01 /* Sources */ = {
			isa = PBXSourcesBuildPhase;
			buildActionMask = 2147483647;
			files = (
				C03B44852B8A570E00F91E01 /* aTests.swift in Sources */,
			);
			runOnlyForDeploymentPostprocessing = 0;
		};
		C03B44862B8A570E00F91E01 /* Sources */ = {
			isa = PBXSourcesBuildPhase;
			buildActionMask = 2147483647;
			files = (
				C03B44912B8A570E00F91E01 /* aUITestsLaunchTests.swift in Sources */,
				C03B448F2B8A570E00F91E01 /* aUITests.swift in Sources */,
			);
			runOnlyForDeploymentPostprocessing = 0;
		};
/* End PBXSourcesBuildPhase section */

/* Begin PBXTargetDependency section */
		C03B44822B8A570E00F91E01 /* PBXTargetDependency */ = {
			isa = PBXTargetDependency;
			target = C03B446A2B8A570D00F91E01 /* a */;
			targetProxy = C03B44812B8A570E00F91E01 /* PBXContainerItemProxy */;
		};
		C03B448C2B8A570E00F91E01 /* PBXTargetDependency */ = {
			isa = PBXTargetDependency;
			target = C03B446A2B8A570D00F91E01 /* a */;
			targetProxy = C03B448B2B8A570E00F91E01 /* PBXContainerItemProxy */;
		};
/* End PBXTargetDependency section */

/* Begin XCBuildConfiguration section */
		C03B44922B8A570E00F91E01 /* Debug */ = {
			isa = XCBuildConfiguration;
			buildSettings = {
				ALWAYS_SEARCH_USER_PATHS = NO;
				ASSETCATALOG_COMPILER_GENERATE_SWIFT_ASSET_SYMBOL_EXTENSIONS = YES;
				CLANG_ANALYZER_NONNULL = YES;
				CLANG_ANALYZER_NUMBER_OBJECT_CONVERSION = YES_AGGRESSIVE;
				CLANG_CXX_LANGUAGE_STANDARD = "gnu++20";
				CLANG_ENABLE_MODULES = YES;
				CLANG_ENABLE_OBJC_ARC = YES;
				CLANG_ENABLE_OBJC_WEAK = YES;
				CLANG_WARN_BLOCK_CAPTURE_AUTORELEASING = YES;
				CLANG_WARN_BOOL_CONVERSION = YES;
				CLANG_WARN_COMMA = YES;
				CLANG_WARN_CONSTANT_CONVERSION = YES;
				CLANG_WARN_DEPRECATED_OBJC_IMPLEMENTATIONS = YES;
				CLANG_WARN_DIRECT_OBJC_ISA_USAGE = YES_ERROR;
				CLANG_WARN_DOCUMENTATION_COMMENTS = YES;
				CLANG_WARN_EMPTY_BODY = YES;
				CLANG_WARN_ENUM_CONVERSION = YES;
				CLANG_WARN_INFINITE_RECURSION = YES;
				CLANG_WARN_INT_CONVERSION = YES;
				CLANG_WARN_NON_LITERAL_NULL_CONVERSION = YES;
				CLANG_WARN_OBJC_IMPLICIT_RETAIN_SELF = YES;
				CLANG_WARN_OBJC_LITERAL_CONVERSION = YES;
				CLANG_WARN_OBJC_ROOT_CLASS = YES_ERROR;
				CLANG_WARN_QUOTED_INCLUDE_IN_FRAMEWORK_HEADER = YES;
				CLANG_WARN_RANGE_LOOP_ANALYSIS = YES;
				CLANG_WARN_STRICT_PROTOTYPES = YES;
				CLANG_WARN_SUSPICIOUS_MOVE = YES;
				CLANG_WARN_UNGUARDED_AVAILABILITY = YES_AGGRESSIVE;
				CLANG_WARN_UNREACHABLE_CODE = YES;
				CLANG_WARN__DUPLICATE_METHOD_MATCH = YES;
				COPY_PHASE_STRIP = NO;
				DEBUG_INFORMATION_FORMAT = dwarf;
				ENABLE_STRICT_OBJC_MSGSEND = YES;
				ENABLE_TESTABILITY = YES;
				ENABLE_USER_SCRIPT_SANDBOXING = YES;
				GCC_C_LANGUAGE_STANDARD = gnu17;
				GCC_DYNAMIC_NO_PIC = NO;
				GCC_NO_COMMON_BLOCKS = YES;
				GCC_OPTIMIZATION_LEVEL = 0;
				GCC_PREPROCESSOR_DEFINITIONS = (
					"DEBUG=1",
					"$(inherited)",
				);
				GCC_WARN_64_TO_32_BIT_CONVERSION = YES;
				GCC_WARN_ABOUT_RETURN_TYPE = YES_ERROR;
				GCC_WARN_UNDECLARED_SELECTOR = YES;
				GCC_WARN_UNINITIALIZED_AUTOS = YES_AGGRESSIVE;
				GCC_WARN_UNUSED_FUNCTION = YES;
				GCC_WARN_UNUSED_VARIABLE = YES;
				IPHONEOS_DEPLOYMENT_TARGET = 17.2;
				LOCALIZATION_PREFERS_STRING_CATALOGS = YES;
				MTL_ENABLE_DEBUG_INFO = INCLUDE_SOURCE;
				MTL_FAST_MATH = YES;
				ONLY_ACTIVE_ARCH = YES;
				SDKROOT = iphoneos;
				SWIFT_ACTIVE_COMPILATION_CONDITIONS = "DEBUG $(inherited)";
				SWIFT_OPTIMIZATION_LEVEL = "-Onone";
			};
			name = Debug;
		};
		C03B44932B8A570E00F91E01 /* Release */ = {
			isa = XCBuildConfiguration;
			buildSettings = {
				ALWAYS_SEARCH_USER_PATHS = NO;
				ASSETCATALOG_COMPILER_GENERATE_SWIFT_ASSET_SYMBOL_EXTENSIONS = YES;
				CLANG_ANALYZER_NONNULL = YES;
				CLANG_ANALYZER_NUMBER_OBJECT_CONVERSION = YES_AGGRESSIVE;
				CLANG_CXX_LANGUAGE_STANDARD = "gnu++20";
				CLANG_ENABLE_MODULES = YES;
				CLANG_ENABLE_OBJC_ARC = YES;
				CLANG_ENABLE_OBJC_WEAK = YES;
				CLANG_WARN_BLOCK_CAPTURE_AUTORELEASING = YES;
				CLANG_WARN_BOOL_CONVERSION = YES;
				CLANG_WARN_COMMA = YES;
				CLANG_WARN_CONSTANT_CONVERSION = YES;
				CLANG_WARN_DEPRECATED_OBJC_IMPLEMENTATIONS = YES;
				CLANG_WARN_DIRECT_OBJC_ISA_USAGE = YES_ERROR;
				CLANG_WARN_DOCUMENTATION_COMMENTS = YES;
				CLANG_WARN_EMPTY_BODY = YES;
				CLANG_WARN_ENUM_CONVERSION = YES;
				CLANG_WARN_INFINITE_RECURSION = YES;
				CLANG_WARN_INT_CONVERSION = YES;
				CLANG_WARN_NON_LITERAL_NULL_CONVERSION = YES;
				CLANG_WARN_OBJC_IMPLICIT_RETAIN_SELF = YES;
				CLANG_WARN_OBJC_LITERAL_CONVERSION = YES;
				CLANG_WARN_OBJC_ROOT_CLASS = YES_ERROR;
				CLANG_WARN_QUOTED_INCLUDE_IN_FRAMEWORK_HEADER = YES;
				CLANG_WARN_RANGE_LOOP_ANALYSIS = YES;
				CLANG_WARN_STRICT_PROTOTYPES = YES;
				CLANG_WARN_SUSPICIOUS_MOVE = YES;
				CLANG_WARN_UNGUARDED_AVAILABILITY = YES_AGGRESSIVE;
				CLANG_WARN_UNREACHABLE_CODE = YES;
				CLANG_WARN__DUPLICATE_METHOD_MATCH = YES;
				COPY_PHASE_STRIP = NO;
				DEBUG_INFORMATION_FORMAT = "dwarf-with-dsym";
				ENABLE_NS_ASSERTIONS = NO;
				ENABLE_STRICT_OBJC_MSGSEND = YES;
				ENABLE_USER_SCRIPT_SANDBOXING = YES;
				GCC_C_LANGUAGE_STANDARD = gnu17;
				GCC_NO_COMMON_BLOCKS = YES;
				GCC_WARN_64_TO_32_BIT_CONVERSION = YES;
				GCC_WARN_ABOUT_RETURN_TYPE = YES_ERROR;
				GCC_WARN_UNDECLARED_SELECTOR = YES;
				GCC_WARN_UNINITIALIZED_AUTOS = YES_AGGRESSIVE;
				GCC_WARN_UNUSED_FUNCTION = YES;
				GCC_WARN_UNUSED_VARIABLE = YES;
				IPHONEOS_DEPLOYMENT_TARGET = 17.2;
				LOCALIZATION_PREFERS_STRING_CATALOGS = YES;
				MTL_ENABLE_DEBUG_INFO = NO;
				MTL_FAST_MATH = YES;
				SDKROOT = iphoneos;
				SWIFT_COMPILATION_MODE = wholemodule;
				VALIDATE_PRODUCT = YES;
			};
			name = Release;
		};
		C03B44952B8A570E00F91E01 /* Debug */ = {
			isa = XCBuildConfiguration;
			buildSettings = {
				ASSETCATALOG_COMPILER_APPICON_NAME = AppIcon;
				ASSETCATALOG_COMPILER_GLOBAL_ACCENT_COLOR_NAME = AccentColor;
				CODE_SIGN_STYLE = Automatic;
				CURRENT_PROJECT_VERSION = 1;
				DEVELOPMENT_ASSET_PATHS = "\"a/Preview Content\"";
				DEVELOPMENT_TEAM = KD82SC4QSX;
				ENABLE_PREVIEWS = YES;
				GENERATE_INFOPLIST_FILE = YES;
				INFOPLIST_KEY_UIApplicationSceneManifest_Generation = YES;
				INFOPLIST_KEY_UIApplicationSupportsIndirectInputEvents = YES;
				INFOPLIST_KEY_UILaunchScreen_Generation = YES;
				INFOPLIST_KEY_UISupportedInterfaceOrientations_iPad = "UIInterfaceOrientationPortrait UIInterfaceOrientationPortraitUpsideDown UIInterfaceOrientationLandscapeLeft UIInterfaceOrientationLandscapeRight";
				INFOPLIST_KEY_UISupportedInterfaceOrientations_iPhone = "UIInterfaceOrientationPortrait UIInterfaceOrientationLandscapeLeft UIInterfaceOrientationLandscapeRight";
				LD_RUNPATH_SEARCH_PATHS = (
					"$(inherited)",
					"@executable_path/Frameworks",
				);
				MARKETING_VERSION = 1.0;
				PRODUCT_BUNDLE_IDENTIFIER = ru.leonidperlin.a;
				PRODUCT_NAME = "$(TARGET_NAME)";
				SWIFT_EMIT_LOC_STRINGS = YES;
				SWIFT_VERSION = 5.0;
				TARGETED_DEVICE_FAMILY = "1,2";
			};
			name = Debug;
		};
		C03B44962B8A570E00F91E01 /* Release */ = {
			isa = XCBuildConfiguration;
			buildSettings = {
				ASSETCATALOG_COMPILER_APPICON_NAME = AppIcon;
				ASSETCATALOG_COMPILER_GLOBAL_ACCENT_COLOR_NAME = AccentColor;
				CODE_SIGN_STYLE = Automatic;
				CURRENT_PROJECT_VERSION = 1;
				DEVELOPMENT_ASSET_PATHS = "\"a/Preview Content\"";
				DEVELOPMENT_TEAM = KD82SC4QSX;
				ENABLE_PREVIEWS = YES;
				GENERATE_INFOPLIST_FILE = YES;
				INFOPLIST_KEY_UIApplicationSceneManifest_Generation = YES;
				INFOPLIST_KEY_UIApplicationSupportsIndirectInputEvents = YES;
				INFOPLIST_KEY_UILaunchScreen_Generation = YES;
				INFOPLIST_KEY_UISupportedInterfaceOrientations_iPad = "UIInterfaceOrientationPortrait UIInterfaceOrientationPortraitUpsideDown UIInterfaceOrientationLandscapeLeft UIInterfaceOrientationLandscapeRight";
				INFOPLIST_KEY_UISupportedInterfaceOrientations_iPhone = "UIInterfaceOrientationPortrait UIInterfaceOrientationLandscapeLeft UIInterfaceOrientationLandscapeRight";
				LD_RUNPATH_SEARCH_PATHS = (
					"$(inherited)",
					"@executable_path/Frameworks",
				);
				MARKETING_VERSION = 1.0;
				PRODUCT_BUNDLE_IDENTIFIER = ru.leonidperlin.a;
				PRODUCT_NAME = "$(TARGET_NAME)";
				SWIFT_EMIT_LOC_STRINGS = YES;
				SWIFT_VERSION = 5.0;
				TARGETED_DEVICE_FAMILY = "1,2";
			};
			name = Release;
		};
		C03B44982B8A570E00F91E01 /* Debug */ = {
			isa = XCBuildConfiguration;
			buildSettings = {
				ALWAYS_EMBED_SWIFT_STANDARD_LIBRARIES = YES;
				BUNDLE_LOADER = "$(TEST_HOST)";
				CODE_SIGN_STYLE = Automatic;
				CURRENT_PROJECT_VERSION = 1;
				DEVELOPMENT_TEAM = KD82SC4QSX;
				GENERATE_INFOPLIST_FILE = YES;
				IPHONEOS_DEPLOYMENT_TARGET = 17.2;
				MARKETING_VERSION = 1.0;
				PRODUCT_BUNDLE_IDENTIFIER = ru.leonidperlin.aTests;
				PRODUCT_NAME = "$(TARGET_NAME)";
				SWIFT_EMIT_LOC_STRINGS = NO;
				SWIFT_VERSION = 5.0;
				TARGETED_DEVICE_FAMILY = "1,2";
				TEST_HOST = "$(BUILT_PRODUCTS_DIR)/a.app/$(BUNDLE_EXECUTABLE_FOLDER_PATH)/a";
			};
			name = Debug;
		};
		C03B44992B8A570E00F91E01 /* Release */ = {
			isa = XCBuildConfiguration;
			buildSettings = {
				ALWAYS_EMBED_SWIFT_STANDARD_LIBRARIES = YES;
				BUNDLE_LOADER = "$(TEST_HOST)";
				CODE_SIGN_STYLE = Automatic;
				CURRENT_PROJECT_VERSION = 1;
				DEVELOPMENT_TEAM = KD82SC4QSX;
				GENERATE_INFOPLIST_FILE = YES;
				IPHONEOS_DEPLOYMENT_TARGET = 17.2;
				MARKETING_VERSION = 1.0;
				PRODUCT_BUNDLE_IDENTIFIER = ru.leonidperlin.aTests;
				PRODUCT_NAME = "$(TARGET_NAME)";
				SWIFT_EMIT_LOC_STRINGS = NO;
				SWIFT_VERSION = 5.0;
				TARGETED_DEVICE_FAMILY = "1,2";
				TEST_HOST = "$(BUILT_PRODUCTS_DIR)/a.app/$(BUNDLE_EXECUTABLE_FOLDER_PATH)/a";
			};
			name = Release;
		};
		C03B449B2B8A570E00F91E01 /* Debug */ = {
			isa = XCBuildConfiguration;
			buildSettings = {
				ALWAYS_EMBED_SWIFT_STANDARD_LIBRARIES = YES;
				CODE_SIGN_STYLE = Automatic;
				CURRENT_PROJECT_VERSION = 1;
				DEVELOPMENT_TEAM = KD82SC4QSX;
				GENERATE_INFOPLIST_FILE = YES;
				MARKETING_VERSION = 1.0;
				PRODUCT_BUNDLE_IDENTIFIER = ru.leonidperlin.aUITests;
				PRODUCT_NAME = "$(TARGET_NAME)";
				SWIFT_EMIT_LOC_STRINGS = NO;
				SWIFT_VERSION = 5.0;
				TARGETED_DEVICE_FAMILY = "1,2";
				TEST_TARGET_NAME = a;
			};
			name = Debug;
		};
		C03B449C2B8A570E00F91E01 /* Release */ = {
			isa = XCBuildConfiguration;
			buildSettings = {
				ALWAYS_EMBED_SWIFT_STANDARD_LIBRARIES = YES;
				CODE_SIGN_STYLE = Automatic;
				CURRENT_PROJECT_VERSION = 1;
				DEVELOPMENT_TEAM = KD82SC4QSX;
				GENERATE_INFOPLIST_FILE = YES;
				MARKETING_VERSION = 1.0;
				PRODUCT_BUNDLE_IDENTIFIER = ru.leonidperlin.aUITests;
				PRODUCT_NAME = "$(TARGET_NAME)";
				SWIFT_EMIT_LOC_STRINGS = NO;
				SWIFT_VERSION = 5.0;
				TARGETED_DEVICE_FAMILY = "1,2";
				TEST_TARGET_NAME = a;
			};
			name = Release;
		};
/* End XCBuildConfiguration section */

/* Begin XCConfigurationList section */
		C03B44662B8A570D00F91E01 /* Build configuration list for PBXProject "a" */ = {
			isa = XCConfigurationList;
			buildConfigurations = (
				C03B44922B8A570E00F91E01 /* Debug */,
				C03B44932B8A570E00F91E01 /* Release */,
			);
			defaultConfigurationIsVisible = 0;
			defaultConfigurationName = Release;
		};
		C03B44942B8A570E00F91E01 /* Build configuration list for PBXNativeTarget "a" */ = {
			isa = XCConfigurationList;
			buildConfigurations = (
				C03B44952B8A570E00F91E01 /* Debug */,
				C03B44962B8A570E00F91E01 /* Release */,
			);
			defaultConfigurationIsVisible = 0;
			defaultConfigurationName = Release;
		};
		C03B44972B8A570E00F91E01 /* Build configuration list for PBXNativeTarget "aTests" */ = {
			isa = XCConfigurationList;
			buildConfigurations = (
				C03B44982B8A570E00F91E01 /* Debug */,
				C03B44992B8A570E00F91E01 /* Release */,
			);
			defaultConfigurationIsVisible = 0;
			defaultConfigurationName = Release;
		};
		C03B449A2B8A570E00F91E01 /* Build configuration list for PBXNativeTarget "aUITests" */ = {
			isa = XCConfigurationList;
			buildConfigurations = (
				C03B449B2B8A570E00F91E01 /* Debug */,
				C03B449C2B8A570E00F91E01 /* Release */,
			);
			defaultConfigurationIsVisible = 0;
			defaultConfigurationName = Release;
		};
/* End XCConfigurationList section */

/* Begin XCVersionGroup section */
		C03B44792B8A570E00F91E01 /* a.xcdatamodeld */ = {
			isa = XCVersionGroup;
			children = (
				C03B447A2B8A570E00F91E01 /* a.xcdatamodel */,
			);
			currentVersion = C03B447A2B8A570E00F91E01 /* a.xcdatamodel */;
			path = a.xcdatamodeld;
			sourceTree = "<group>";
			versionGroupType = wrapper.xcdatamodel;
		};
/* End XCVersionGroup section */
	};
	rootObject = C03B44632B8A570D00F91E01 /* Project object */;
}
